// !$*UTF8*$!
{
	archiveVersion = 1;
	classes = {
	};
	objectVersion = 46;
	objects = {

/* Begin PBXBuildFile section */
		686D69F11DAD0D49005144D7 /* AppDelegate.swift in Sources */ = {isa = PBXBuildFile; fileRef = 686D69F01DAD0D49005144D7 /* AppDelegate.swift */; };
		686D69F31DAD0D49005144D7 /* ViewController.swift in Sources */ = {isa = PBXBuildFile; fileRef = 686D69F21DAD0D49005144D7 /* ViewController.swift */; };
		686D69F61DAD0D49005144D7 /* Main.storyboard in Resources */ = {isa = PBXBuildFile; fileRef = 686D69F41DAD0D49005144D7 /* Main.storyboard */; };
		686D69F81DAD0D49005144D7 /* Assets.xcassets in Resources */ = {isa = PBXBuildFile; fileRef = 686D69F71DAD0D49005144D7 /* Assets.xcassets */; };
		686D69FB1DAD0D49005144D7 /* LaunchScreen.storyboard in Resources */ = {isa = PBXBuildFile; fileRef = 686D69F91DAD0D49005144D7 /* LaunchScreen.storyboard */; };
		686D6A051DAD2F1F005144D7 /* OtraVez.mp3 in Resources */ = {isa = PBXBuildFile; fileRef = 686D6A041DAD2F1F005144D7 /* OtraVez.mp3 */; };
/* End PBXBuildFile section */

/* Begin PBXFileReference section */
		686D69ED1DAD0D49005144D7 /* Audio Player.app */ = {isa = PBXFileReference; explicitFileType = wrapper.application; includeInIndex = 0; path = "Audio Player.app"; sourceTree = BUILT_PRODUCTS_DIR; };
		686D69F01DAD0D49005144D7 /* AppDelegate.swift */ = {isa = PBXFileReference; lastKnownFileType = sourcecode.swift; path = AppDelegate.swift; sourceTree = "<group>"; };
		686D69F21DAD0D49005144D7 /* ViewController.swift */ = {isa = PBXFileReference; lastKnownFileType = sourcecode.swift; path = ViewController.swift; sourceTree = "<group>"; };
		686D69F51DAD0D49005144D7 /* Base */ = {isa = PBXFileReference; lastKnownFileType = file.storyboard; name = Base; path = Base.lproj/Main.storyboard; sourceTree = "<group>"; };
		686D69F71DAD0D49005144D7 /* Assets.xcassets */ = {isa = PBXFileReference; lastKnownFileType = folder.assetcatalog; path = Assets.xcassets; sourceTree = "<group>"; };
		686D69FA1DAD0D49005144D7 /* Base */ = {isa = PBXFileReference; lastKnownFileType = file.storyboard; name = Base; path = Base.lproj/LaunchScreen.storyboard; sourceTree = "<group>"; };
		686D69FC1DAD0D49005144D7 /* Info.plist */ = {isa = PBXFileReference; lastKnownFileType = text.plist.xml; path = Info.plist; sourceTree = "<group>"; };
		686D6A041DAD2F1F005144D7 /* OtraVez.mp3 */ = {isa = PBXFileReference; lastKnownFileType = audio.mp3; path = OtraVez.mp3; sourceTree = "<group>"; };
/* End PBXFileReference section */

/* Begin PBXFrameworksBuildPhase section */
		686D69EA1DAD0D49005144D7 /* Frameworks */ = {
			isa = PBXFrameworksBuildPhase;
			buildActionMask = 2147483647;
			files = (
			);
			runOnlyForDeploymentPostprocessing = 0;
		};
/* End PBXFrameworksBuildPhase section */

/* Begin PBXGroup section */
		686D69E41DAD0D49005144D7 = {
			isa = PBXGroup;
			children = (
				686D69EF1DAD0D49005144D7 /* Audio Player */,
				686D69EE1DAD0D49005144D7 /* Products */,
			);
			sourceTree = "<group>";
		};
		686D69EE1DAD0D49005144D7 /* Products */ = {
			isa = PBXGroup;
			children = (
				686D69ED1DAD0D49005144D7 /* Audio Player.app */,
			);
			name = Products;
			sourceTree = "<group>";
		};
		686D69EF1DAD0D49005144D7 /* Audio Player */ = {
			isa = PBXGroup;
			children = (
				686D69F01DAD0D49005144D7 /* AppDelegate.swift */,
				686D69F21DAD0D49005144D7 /* ViewController.swift */,
				686D69F41DAD0D49005144D7 /* Main.storyboard */,
				686D6A041DAD2F1F005144D7 /* OtraVez.mp3 */,
				686D69F71DAD0D49005144D7 /* Assets.xcassets */,
				686D69F91DAD0D49005144D7 /* LaunchScreen.storyboard */,
				686D69FC1DAD0D49005144D7 /* Info.plist */,
			);
			path = "Audio Player";
			sourceTree = "<group>";
		};
/* End PBXGroup section */

/* Begin PBXNativeTarget section */
		686D69EC1DAD0D49005144D7 /* Audio Player */ = {
			isa = PBXNativeTarget;
			buildConfigurationList = 686D69FF1DAD0D49005144D7 /* Build configuration list for PBXNativeTarget "Audio Player" */;
			buildPhases = (
				686D69E91DAD0D49005144D7 /* Sources */,
				686D69EA1DAD0D49005144D7 /* Frameworks */,
				686D69EB1DAD0D49005144D7 /* Resources */,
			);
			buildRules = (
			);
			dependencies = (
			);
			name = "Audio Player";
			productName = "Audio Player";
			productReference = 686D69ED1DAD0D49005144D7 /* Audio Player.app */;
			productType = "com.apple.product-type.application";
		};
/* End PBXNativeTarget section */

/* Begin PBXProject section */
		686D69E51DAD0D49005144D7 /* Project object */ = {
			isa = PBXProject;
			attributes = {
				LastSwiftUpdateCheck = 0800;
				LastUpgradeCheck = 0800;
				ORGANIZATIONNAME = "Hugo Morelli";
				TargetAttributes = {
					686D69EC1DAD0D49005144D7 = {
						CreatedOnToolsVersion = 8.0;
						ProvisioningStyle = Automatic;
					};
				};
			};
			buildConfigurationList = 686D69E81DAD0D49005144D7 /* Build configuration list for PBXProject "Audio Player" */;
			compatibilityVersion = "Xcode 3.2";
			developmentRegion = English;
			hasScannedForEncodings = 0;
			knownRegions = (
				en,
				Base,
			);
			mainGroup = 686D69E41DAD0D49005144D7;
			productRefGroup = 686D69EE1DAD0D49005144D7 /* Products */;
			projectDirPath = "";
			projectRoot = "";
			targets = (
				686D69EC1DAD0D49005144D7 /* Audio Player */,
			);
		};
/* End PBXProject section */

/* Begin PBXResourcesBuildPhase section */
		686D69EB1DAD0D49005144D7 /* Resources */ = {
			isa = PBXResourcesBuildPhase;
			buildActionMask = 2147483647;
			files = (
				686D6A051DAD2F1F005144D7 /* OtraVez.mp3 in Resources */,
				686D69FB1DAD0D49005144D7 /* LaunchScreen.storyboard in Resources */,
				686D69F81DAD0D49005144D7 /* Assets.xcassets in Resources */,
				686D69F61DAD0D49005144D7 /* Main.storyboard in Resources */,
			);
			runOnlyForDeploymentPostprocessing = 0;
		};
/* End PBXResourcesBuildPhase section */

/* Begin PBXSourcesBuildPhase section */
		686D69E91DAD0D49005144D7 /* Sources */ = {
			isa = PBXSourcesBuildPhase;
			buildActionMask = 2147483647;
			files = (
				686D69F31DAD0D49005144D7 /* ViewController.swift in Sources */,
				686D69F11DAD0D49005144D7 /* AppDelegate.swift in Sources */,
			);
			runOnlyForDeploymentPostprocessing = 0;
		};
/* End PBXSourcesBuildPhase section */

/* Begin PBXVariantGroup section */
		686D69F41DAD0D49005144D7 /* Main.storyboard */ = {
			isa = PBXVariantGroup;
			children = (
				686D69F51DAD0D49005144D7 /* Base */,
			);
			name = Main.storyboard;
			sourceTree = "<group>";
		};
		686D69F91DAD0D49005144D7 /* LaunchScreen.storyboard */ = {
			isa = PBXVariantGroup;
			children = (
				686D69FA1DAD0D49005144D7 /* Base */,
			);
			name = LaunchScreen.storyboard;
			sourceTree = "<group>";
		};
/* End PBXVariantGroup section */

/* Begin XCBuildConfiguration section */
		686D69FD1DAD0D49005144D7 /* Debug */ = {
			isa = XCBuildConfiguration;
			buildSettings = {
				ALWAYS_SEARCH_USER_PATHS = NO;
				CLANG_ANALYZER_NONNULL = YES;
				CLANG_CXX_LANGUAGE_STANDARD = "gnu++0x";
				CLANG_CXX_LIBRARY = "libc++";
				CLANG_ENABLE_MODULES = YES;
				CLANG_ENABLE_OBJC_ARC = YES;
				CLANG_WARN_BOOL_CONVERSION = YES;
				CLANG_WARN_CONSTANT_CONVERSION = YES;
				CLANG_WARN_DIRECT_OBJC_ISA_USAGE = YES_ERROR;
				CLANG_WARN_DOCUMENTATION_COMMENTS = YES;
				CLANG_WARN_EMPTY_BODY = YES;
				CLANG_WARN_ENUM_CONVERSION = YES;
				CLANG_WARN_INFINITE_RECURSION = YES;
				CLANG_WARN_INT_CONVERSION = YES;
				CLANG_WARN_OBJC_ROOT_CLASS = YES_ERROR;
				CLANG_WARN_SUSPICIOUS_MOVES = YES;
				CLANG_WARN_UNREACHABLE_CODE = YES;
				CLANG_WARN__DUPLICATE_METHOD_MATCH = YES;
				"CODE_SIGN_IDENTITY[sdk=iphoneos*]" = "iPhone Developer";
				COPY_PHASE_STRIP = NO;
				DEBUG_INFORMATION_FORMAT = dwarf;
				ENABLE_STRICT_OBJC_MSGSEND = YES;
				ENABLE_TESTABILITY = YES;
				GCC_C_LANGUAGE_STANDARD = gnu99;
				GCC_DYNAMIC_NO_PIC = NO;
				GCC_NO_COMMON_BLOCKS = YES;
				GCC_OPTIMIZATION_LEVEL = 0;
				GCC_PREPROCESSOR_DEFINITIONS = (
					"DEBUG=1",
					"$(inherited)",
				);
				GCC_WARN_64_TO_32_BIT_CONVERSION = YES;
				GCC_WARN_ABOUT_RETURN_TYPE = YES_ERROR;
				GCC_WARN_UNDECLARED_SELECTOR = YES;
				GCC_WARN_UNINITIALIZED_AUTOS = YES_AGGRESSIVE;
				GCC_WARN_UNUSED_FUNCTION = YES;
				GCC_WARN_UNUSED_VARIABLE = YES;
				IPHONEOS_DEPLOYMENT_TARGET = 10.0;
				MTL_ENABLE_DEBUG_INFO = YES;
				ONLY_ACTIVE_ARCH = YES;
				SDKROOT = iphoneos;
				SWIFT_ACTIVE_COMPILATION_CONDITIONS = DEBUG;
				SWIFT_OPTIMIZATION_LEVEL = "-Onone";
				TARGETED_DEVICE_FAMILY = "1,2";
			};
			name = Debug;
		};
		686D69FE1DAD0D49005144D7 /* Release */ = {
			isa = XCBuildConfiguration;
			buildSettings = {
				ALWAYS_SEARCH_USER_PATHS = NO;
				CLANG_ANALYZER_NONNULL = YES;
				CLANG_CXX_LANGUAGE_STANDARD = "gnu++0x";
				CLANG_CXX_LIBRARY = "libc++";
				CLANG_ENABLE_MODULES = YES;
				CLANG_ENABLE_OBJC_ARC = YES;
				CLANG_WARN_BOOL_CONVERSION = YES;
				CLANG_WARN_CONSTANT_CONVERSION = YES;
				CLANG_WARN_DIRECT_OBJC_ISA_USAGE = YES_ERROR;
				CLANG_WARN_DOCUMENTATION_COMMENTS = YES;
				CLANG_WARN_EMPTY_BODY = YES;
				CLANG_WARN_ENUM_CONVERSION = YES;
				CLANG_WARN_INFINITE_RECURSION = YES;
				CLANG_WARN_INT_CONVERSION = YES;
				CLANG_WARN_OBJC_ROOT_CLASS = YES_ERROR;
				CLANG_WARN_SUSPICIOUS_MOVES = YES;
				CLANG_WARN_UNREACHABLE_CODE = YES;
				CLANG_WARN__DUPLICATE_METHOD_MATCH = YES;
				"CODE_SIGN_IDENTITY[sdk=iphoneos*]" = "iPhone Developer";
				COPY_PHASE_STRIP = NO;
				DEBUG_INFORMATION_FORMAT = "dwarf-with-dsym";
				ENABLE_NS_ASSERTIONS = NO;
				ENABLE_STRICT_OBJC_MSGSEND = YES;
				GCC_C_LANGUAGE_STANDARD = gnu99;
				GCC_NO_COMMON_BLOCKS = YES;
				GCC_WARN_64_TO_32_BIT_CONVERSION = YES;
				GCC_WARN_ABOUT_RETURN_TYPE = YES_ERROR;
				GCC_WARN_UNDECLARED_SELECTOR = YES;
				GCC_WARN_UNINITIALIZED_AUTOS = YES_AGGRESSIVE;
				GCC_WARN_UNUSED_FUNCTION = YES;
				GCC_WARN_UNUSED_VARIABLE = YES;
				IPHONEOS_DEPLOYMENT_TARGET = 10.0;
				MTL_ENABLE_DEBUG_INFO = NO;
				SDKROOT = iphoneos;
				SWIFT_OPTIMIZATION_LEVEL = "-Owholemodule";
				TARGETED_DEVICE_FAMILY = "1,2";
				VALIDATE_PRODUCT = YES;
			};
			name = Release;
		};
		686D6A001DAD0D49005144D7 /* Debug */ = {
			isa = XCBuildConfiguration;
			buildSettings = {
				ASSETCATALOG_COMPILER_APPICON_NAME = AppIcon;
				INFOPLIST_FILE = "Audio Player/Info.plist";
				LD_RUNPATH_SEARCH_PATHS = "$(inherited) @executable_path/Frameworks";
				PRODUCT_BUNDLE_IDENTIFIER = "com.hugo.Audio-Player";
				PRODUCT_NAME = "$(TARGET_NAME)";
				SWIFT_VERSION = 3.0;
			};
			name = Debug;
		};
		686D6A011DAD0D49005144D7 /* Release */ = {
			isa = XCBuildConfiguration;
			buildSettings = {
				ASSETCATALOG_COMPILER_APPICON_NAME = AppIcon;
				INFOPLIST_FILE = "Audio Player/Info.plist";
				LD_RUNPATH_SEARCH_PATHS = "$(inherited) @executable_path/Frameworks";
				PRODUCT_BUNDLE_IDENTIFIER = "com.hugo.Audio-Player";
				PRODUCT_NAME = "$(TARGET_NAME)";
				SWIFT_VERSION = 3.0;
			};
			name = Release;
		};
/* End XCBuildConfiguration section */

/* Begin XCConfigurationList section */
		686D69E81DAD0D49005144D7 /* Build configuration list for PBXProject "Audio Player" */ = {
			isa = XCConfigurationList;
			buildConfigurations = (
				686D69FD1DAD0D49005144D7 /* Debug */,
				686D69FE1DAD0D49005144D7 /* Release */,
			);
			defaultConfigurationIsVisible = 0;
			defaultConfigurationName = Release;
		};
		686D69FF1DAD0D49005144D7 /* Build configuration list for PBXNativeTarget "Audio Player" */ = {
			isa = XCConfigurationList;
			buildConfigurations = (
				686D6A001DAD0D49005144D7 /* Debug */,
				686D6A011DAD0D49005144D7 /* Release */,
			);
			defaultConfigurationIsVisible = 0;
		};
/* End XCConfigurationList section */
	};
	rootObject = 686D69E51DAD0D49005144D7 /* Project object */;
}
